<?xml version="1.0" encoding="utf-8"?>
<Project ToolsVersion="4.0" xmlns="http://schemas.microsoft.com/developer/msbuild/2003">
  <ItemGroup>
    <Filter Include="Scene">
      <UniqueIdentifier>{92483d11-2dc8-471d-83f6-01dfbfbb1bf9}</UniqueIdentifier>
    </Filter>
    <Filter Include="GameObject">
      <UniqueIdentifier>{12e3745a-9b29-4c33-a3e7-80039a40a2fd}</UniqueIdentifier>
    </Filter>
    <Filter Include="Resources">
      <UniqueIdentifier>{2fcdeebc-d9d6-416c-9650-402322505ae2}</UniqueIdentifier>
    </Filter>
    <Filter Include="Lights">
      <UniqueIdentifier>{32833698-8c46-480c-a7eb-0850a6dbe196}</UniqueIdentifier>
    </Filter>
    <Filter Include="Resources\Texture">
      <UniqueIdentifier>{ae7b9f15-a483-4fba-8774-2607f60bbbcc}</UniqueIdentifier>
    </Filter>
    <Filter Include="Managers">
      <UniqueIdentifier>{7c7e8791-10f2-4e48-906e-f19205796dc0}</UniqueIdentifier>
    </Filter>
    <Filter Include="Utility">
      <UniqueIdentifier>{b2849f63-09e9-40c4-a6ae-da674d83c608}</UniqueIdentifier>
    </Filter>
    <Filter Include="Resources\Shader">
      <UniqueIdentifier>{01e31069-8e84-4ba4-9b46-05a01e96efc3}</UniqueIdentifier>
    </Filter>
    <Filter Include="Resources\Mesh">
      <UniqueIdentifier>{5123e277-965a-42a0-b3e4-3b9000aa507f}</UniqueIdentifier>
    </Filter>
    <Filter Include="Client">
      <UniqueIdentifier>{4FC737F1-C7A5-4376-A066-2A32D752A2FF}</UniqueIdentifier>
      <Extensions>cpp;c;cc;cxx;c++;cppm;ixx;def;odl;idl;hpj;bat;asm;asmx</Extensions>
    </Filter>
    <Filter Include="Engine">
      <UniqueIdentifier>{da038969-891a-42c2-875c-8d2646fa17fc}</UniqueIdentifier>
    </Filter>
    <Filter Include="Resources\Material">
      <UniqueIdentifier>{98625792-7af3-41da-9586-08e12d50a1bf}</UniqueIdentifier>
    </Filter>
    <Filter Include="HLSL">
      <UniqueIdentifier>{fc3644b5-f6b2-4f79-85e1-5eb335e5bd0f}</UniqueIdentifier>
    </Filter>
    <Filter Include="GameObject\Component">
      <UniqueIdentifier>{dc1b8f67-20b7-4203-8591-dca6283ce85e}</UniqueIdentifier>
    </Filter>
    <Filter Include="GameObject\Component\Scripts">
      <UniqueIdentifier>{941b0b65-03f4-467c-abb5-0b5f6c14555e}</UniqueIdentifier>
    </Filter>
  </ItemGroup>
  <ItemGroup>
    <ClInclude Include="Scene.h">
      <Filter>Scene</Filter>
    </ClInclude>
    <ClInclude Include="GameObject.h">
      <Filter>GameObject</Filter>
    </ClInclude>
    <ClInclude Include="Mesh.h">
      <Filter>Resources\Mesh</Filter>
    </ClInclude>
    <ClInclude Include="GridMesh.h">
      <Filter>Resources\Mesh</Filter>
    </ClInclude>
    <ClInclude Include="Light.h">
      <Filter>Lights</Filter>
    </ClInclude>
    <ClInclude Include="Material.h">
      <Filter>Resources\Material</Filter>
    </ClInclude>
    <ClInclude Include="Texture.h">
      <Filter>Resources\Texture</Filter>
    </ClInclude>
    <ClInclude Include="DX12Manager.h">
      <Filter>Managers</Filter>
    </ClInclude>
    <ClInclude Include="ResourceManager.h">
      <Filter>Managers</Filter>
    </ClInclude>
    <ClInclude Include="LightManager.h">
      <Filter>Managers</Filter>
    </ClInclude>
    <ClInclude Include="DDSTextureLoader12.h">
      <Filter>Utility</Filter>
    </ClInclude>
    <ClInclude Include="stdafx.h">
      <Filter>Utility</Filter>
    </ClInclude>
    <ClInclude Include="Timer.h">
      <Filter>Managers</Filter>
    </ClInclude>
    <ClInclude Include="WICTextureLoader12.h">
      <Filter>Utility</Filter>
    </ClInclude>
    <ClInclude Include="Shader.h">
      <Filter>Resources\Shader</Filter>
    </ClInclude>
    <ClInclude Include="CResource.h">
      <Filter>Resources</Filter>
    </ClInclude>
    <ClInclude Include="DescriptorHeaps.h">
      <Filter>Engine</Filter>
    </ClInclude>
    <ClInclude Include="FrameResource.h">
      <Filter>Engine</Filter>
    </ClInclude>
    <ClInclude Include="RenderTargetGroup.h">
      <Filter>Engine</Filter>
    </ClInclude>
    <ClInclude Include="GameApplication.h">
      <Filter>Client</Filter>
    </ClInclude>
    <ClInclude Include="SceneManager.h">
      <Filter>Managers</Filter>
    </ClInclude>
    <ClInclude Include="UploadBuffer.h">
      <Filter>Engine</Filter>
    </ClInclude>
    <ClInclude Include="InputManager.h">
      <Filter>Managers</Filter>
    </ClInclude>
    <ClInclude Include="Component.h">
      <Filter>GameObject\Component</Filter>
    </ClInclude>
    <ClInclude Include="MonoBehaviour.h">
      <Filter>GameObject\Component</Filter>
    </ClInclude>
    <ClInclude Include="Transform.h">
      <Filter>GameObject\Component</Filter>
    </ClInclude>
    <ClInclude Include="SimpleMath.h">
      <Filter>Utility</Filter>
    </ClInclude>
    <ClInclude Include="MeshRenderer.h">
      <Filter>GameObject\Component</Filter>
    </ClInclude>
    <ClInclude Include="QuadTree.h">
      <Filter>Utility</Filter>
    </ClInclude>
    <ClInclude Include="Terrain.h">
      <Filter>GameObject\Component</Filter>
    </ClInclude>
    <ClInclude Include="ObjectPool.h">
      <Filter>Engine</Filter>
    </ClInclude>
    <ClInclude Include="ObjectPoolManager.h">
      <Filter>Managers</Filter>
    </ClInclude>
    <ClInclude Include="Camera.h">
      <Filter>GameObject\Component</Filter>
    </ClInclude>
    <ClInclude Include="MainScene.h">
      <Filter>Scene</Filter>
    </ClInclude>
    <ClInclude Include="FollowTarget.h">
      <Filter>GameObject\Component\Scripts</Filter>
    </ClInclude>
    <ClInclude Include="PlayerController.h">
      <Filter>GameObject\Component\Scripts</Filter>
    </ClInclude>
    <ClInclude Include="BattleScene.h">
      <Filter>Scene</Filter>
    </ClInclude>
    <ClInclude Include="BinaryReader.h">
      <Filter>Utility</Filter>
    </ClInclude>
    <ClInclude Include="RigidBody.h">
      <Filter>GameObject\Component</Filter>
    </ClInclude>
    <ClInclude Include="Collider.h">
      <Filter>GameObject\Component</Filter>
    </ClInclude>
    <ClInclude Include="AvoidObstacle.h">
      <Filter>GameObject\Component\Scripts</Filter>
    </ClInclude>
    <ClInclude Include="MenuScene.h">
      <Filter>Scene</Filter>
    </ClInclude>
    <ClInclude Include="ScrollTexture.h">
      <Filter>GameObject\Component\Scripts</Filter>
    </ClInclude>
  </ItemGroup>
  <ItemGroup>
    <ClCompile Include="Scene.cpp">
      <Filter>Scene</Filter>
    </ClCompile>
    <ClCompile Include="GameObject.cpp">
      <Filter>GameObject</Filter>
    </ClCompile>
    <ClCompile Include="Mesh.cpp">
      <Filter>Resources\Mesh</Filter>
    </ClCompile>
    <ClCompile Include="GridMesh.cpp">
      <Filter>Resources\Mesh</Filter>
    </ClCompile>
    <ClCompile Include="Material.cpp">
      <Filter>Resources\Material</Filter>
    </ClCompile>
    <ClCompile Include="Light.cpp">
      <Filter>Lights</Filter>
    </ClCompile>
    <ClCompile Include="Texture.cpp">
      <Filter>Resources\Texture</Filter>
    </ClCompile>
    <ClCompile Include="DX12Manager.cpp">
      <Filter>Managers</Filter>
    </ClCompile>
    <ClCompile Include="ResourceManager.cpp">
      <Filter>Managers</Filter>
    </ClCompile>
    <ClCompile Include="LightManager.cpp">
      <Filter>Managers</Filter>
    </ClCompile>
    <ClCompile Include="stdafx.cpp">
      <Filter>Utility</Filter>
    </ClCompile>
    <ClCompile Include="DDSTextureLoader12.cpp">
      <Filter>Utility</Filter>
    </ClCompile>
    <ClCompile Include="Timer.cpp">
      <Filter>Managers</Filter>
    </ClCompile>
    <ClCompile Include="WICTextureLoader12.cpp">
      <Filter>Utility</Filter>
    </ClCompile>
    <ClCompile Include="Shader.cpp">
      <Filter>Resources\Shader</Filter>
    </ClCompile>
    <ClCompile Include="DescriptorHeaps.cpp">
      <Filter>Engine</Filter>
    </ClCompile>
    <ClCompile Include="FrameResource.cpp">
      <Filter>Engine</Filter>
    </ClCompile>
    <ClCompile Include="RenderTargetGroup.cpp">
      <Filter>Engine</Filter>
    </ClCompile>
    <ClCompile Include="GameApplication.cpp">
      <Filter>Client</Filter>
    </ClCompile>
    <ClCompile Include="SceneManager.cpp">
      <Filter>Managers</Filter>
    </ClCompile>
    <ClCompile Include="UploadBuffer.cpp">
      <Filter>Engine</Filter>
    </ClCompile>
    <ClCompile Include="InputManager.cpp">
      <Filter>Managers</Filter>
    </ClCompile>
    <ClCompile Include="Component.cpp">
      <Filter>GameObject\Component</Filter>
    </ClCompile>
    <ClCompile Include="MonoBehaviour.cpp">
      <Filter>GameObject\Component</Filter>
    </ClCompile>
    <ClCompile Include="Transform.cpp">
      <Filter>GameObject\Component</Filter>
    </ClCompile>
    <ClCompile Include="SimpleMath.cpp">
      <Filter>Utility</Filter>
    </ClCompile>
    <ClCompile Include="MeshRenderer.cpp">
      <Filter>GameObject\Component</Filter>
    </ClCompile>
    <ClCompile Include="QuadTree.cpp">
      <Filter>Utility</Filter>
    </ClCompile>
    <ClCompile Include="Terrain.cpp">
      <Filter>GameObject\Component</Filter>
    </ClCompile>
    <ClCompile Include="ObjectPool.cpp">
      <Filter>Engine</Filter>
    </ClCompile>
    <ClCompile Include="ObjectPoolManager.cpp">
      <Filter>Managers</Filter>
    </ClCompile>
    <ClCompile Include="Camera.cpp">
      <Filter>GameObject\Component</Filter>
    </ClCompile>
    <ClCompile Include="MainScene.cpp">
      <Filter>Scene</Filter>
    </ClCompile>
    <ClCompile Include="PlayerController.cpp">
      <Filter>GameObject\Component\Scripts</Filter>
    </ClCompile>
    <ClCompile Include="FollowTarget.cpp">
      <Filter>GameObject\Component\Scripts</Filter>
    </ClCompile>
    <ClCompile Include="BattleScene.cpp">
      <Filter>Scene</Filter>
    </ClCompile>
    <ClCompile Include="Client.cpp">
      <Filter>Client</Filter>
    </ClCompile>
    <ClCompile Include="RigidBody.cpp">
      <Filter>GameObject\Component</Filter>
    </ClCompile>
    <ClCompile Include="Collider.cpp">
      <Filter>GameObject\Component</Filter>
    </ClCompile>
    <ClCompile Include="AvoidObstacle.cpp">
      <Filter>GameObject\Component\Scripts</Filter>
    </ClCompile>
    <ClCompile Include="MenuScene.cpp">
      <Filter>Scene</Filter>
    </ClCompile>
    <ClCompile Include="ScrollTexture.cpp">
      <Filter>GameObject\Component\Scripts</Filter>
    </ClCompile>
  </ItemGroup>
  <ItemGroup>
    <None Include="cpp.hint" />
    <None Include="SimpleMath.inl">
      <Filter>Utility</Filter>
    </None>
    <None Include="Resources\Shaders\Lighting.hlsl">
      <Filter>HLSL</Filter>
    </None>
    <None Include="Resources\Shaders\OutLinePS.hlsl">
      <Filter>HLSL</Filter>
    </None>
    <None Include="Resources\Shaders\OutLineVS.hlsl">
      <Filter>HLSL</Filter>
    </None>
    <None Include="Resources\Shaders\Paramiters.hlsl">
      <Filter>HLSL</Filter>
    </None>
    <None Include="Resources\Shaders\Sprite.hlsl">
      <Filter>HLSL</Filter>
    </None>
    <None Include="Resources\Shaders\Terrain.hlsl">
      <Filter>HLSL</Filter>
    </None>
    <None Include="Resources\Shaders\Utility.hlsl">
      <Filter>HLSL</Filter>
    </None>
    <None Include="Resources\Shaders\SkyBox.hlsl">
      <Filter>HLSL</Filter>
    </None>
  </ItemGroup>
</Project>