
Microsoft Visual Studio Solution File, Format Version 12.00
# Visual Studio Version 17
VisualStudioVersion = 17.13.35825.156 d17.13
MinimumVisualStudioVersion = 10.0.40219.1
Project("{8BC9CEB8-8B4A-11D0-8D11-00A0C91BC942}") = "Trium_LobbyServer", "Trium_LobbyServer.vcxproj", "{B94EEC7A-E4CC-49F0-8671-47A971EB9300}"
EndProject
Global
	GlobalSection(SolutionConfigurationPlatforms) = preSolution
		Debug|x64 = Debug|x64
		Debug|x86 = Debug|x86
		Release|x64 = Release|x64
		Release|x86 = Release|x86
	EndGlobalSection
	GlobalSection(ProjectConfigurationPlatforms) = postSolution
		{B94EEC7A-E4CC-49F0-8671-47A971EB9300}.Debug|x64.ActiveCfg = Debug|x64
		{B94EEC7A-E4CC-49F0-8671-47A971EB9300}.Debug|x64.Build.0 = Debug|x64
		{B94EEC7A-E4CC-49F0-8671-47A971EB9300}.Debug|x86.ActiveCfg = Debug|Win32
		{B94EEC7A-E4CC-49F0-8671-47A971EB9300}.Debug|x86.Build.0 = Debug|Win32
		{B94EEC7A-E4CC-49F0-8671-47A971EB9300}.Release|x64.ActiveCfg = Release|x64
		{B94EEC7A-E4CC-49F0-8671-47A971EB9300}.Release|x64.Build.0 = Release|x64
		{B94EEC7A-E4CC-49F0-8671-47A971EB9300}.Release|x86.ActiveCfg = Release|Win32
		{B94EEC7A-E4CC-49F0-8671-47A971EB9300}.Release|x86.Build.0 = Release|Win32
	EndGlobalSection
	GlobalSection(SolutionProperties) = preSolution
		HideSolutionNode = FALSE
	EndGlobalSection
	GlobalSection(ExtensibilityGlobals) = postSolution
		SolutionGuid = {0D9AB284-5EFF-4387-8286-725CAD3DD397}
	EndGlobalSection
EndGlobal
