<?xml version="1.0" encoding="utf-8"?>
<Project ToolsVersion="4.0" xmlns="http://schemas.microsoft.com/developer/msbuild/2003">
  <ItemGroup>
    <Filter Include="헤더 파일">
      <UniqueIdentifier>{93995380-89BD-4b04-88EB-625FBE52EBFB}</UniqueIdentifier>
      <Extensions>h;hh;hpp;hxx;h++;hm;inl;inc;ipp;xsd</Extensions>
    </Filter>
    <Filter Include="리소스 파일">
      <UniqueIdentifier>{67DA6AB6-F800-4c08-8B7A-83BB121AAD01}</UniqueIdentifier>
      <Extensions>rc;ico;cur;bmp;dlg;rc2;rct;bin;rgs;gif;jpg;jpeg;jpe;resx;tiff;tif;png;wav;mfcribbon-ms</Extensions>
    </Filter>
    <Filter Include="Manager">
      <UniqueIdentifier>{373d42f1-1833-4db2-bb26-485afe766c8a}</UniqueIdentifier>
    </Filter>
    <Filter Include="Class">
      <UniqueIdentifier>{9b1388de-b14d-445f-ad1f-847486d823f1}</UniqueIdentifier>
    </Filter>
    <Filter Include="소스 파일">
      <UniqueIdentifier>{4FC737F1-C7A5-4376-A066-2A32D752A2FF}</UniqueIdentifier>
      <Extensions>cpp;c;cc;cxx;c++;cppm;ixx;def;odl;idl;hpj;bat;asm;asmx</Extensions>
    </Filter>
    <Filter Include="Utility">
      <UniqueIdentifier>{eef34143-f8f5-4a45-bca2-cc0587dd015f}</UniqueIdentifier>
    </Filter>
    <Filter Include="Object Class">
      <UniqueIdentifier>{1573bee7-e839-40d8-b6d4-5590c25b922b}</UniqueIdentifier>
    </Filter>
  </ItemGroup>
  <ItemGroup>
    <ClCompile Include="Tem_server.cpp">
      <Filter>소스 파일</Filter>
    </ClCompile>
    <ClCompile Include="GameManager.cpp">
      <Filter>Manager</Filter>
    </ClCompile>
    <ClCompile Include="OVER_PLUS.cpp">
      <Filter>Class</Filter>
    </ClCompile>
    <ClCompile Include="SESSION.cpp">
      <Filter>Class</Filter>
    </ClCompile>
    <ClCompile Include="..\Client_Framework\SimpleMath.cpp">
      <Filter>Utility</Filter>
    </ClCompile>
    <ClCompile Include="Object.cpp">
      <Filter>Object Class</Filter>
    </ClCompile>
    <ClCompile Include="Terrain.cpp">
      <Filter>Object Class</Filter>
    </ClCompile>
    <ClCompile Include="PlayerCharacter.cpp">
      <Filter>Object Class</Filter>
    </ClCompile>
    <ClCompile Include="Item.cpp">
      <Filter>소스 파일</Filter>
    </ClCompile>
  </ItemGroup>
  <ItemGroup>
    <ClInclude Include="stdafx.h">
      <Filter>헤더 파일</Filter>
    </ClInclude>
    <ClInclude Include="ENUM.h">
      <Filter>헤더 파일</Filter>
    </ClInclude>
    <ClInclude Include="protocol.h">
      <Filter>헤더 파일</Filter>
    </ClInclude>
    <ClInclude Include="GameManager.h">
      <Filter>Manager</Filter>
    </ClInclude>
    <ClInclude Include="OVER_PLUS.h">
      <Filter>Class</Filter>
    </ClInclude>
    <ClInclude Include="SESSION.h">
      <Filter>Class</Filter>
    </ClInclude>
    <ClInclude Include="Object.h">
      <Filter>Object Class</Filter>
    </ClInclude>
    <ClInclude Include="Terrain.h">
      <Filter>Object Class</Filter>
    </ClInclude>
    <ClInclude Include="PlayerCharacter.h">
      <Filter>Object Class</Filter>
    </ClInclude>
    <ClInclude Include="Item.h">
      <Filter>헤더 파일</Filter>
    </ClInclude>
  </ItemGroup>
  <ItemGroup>
    <None Include="..\Client_Framework\SimpleMath.inl">
      <Filter>Utility</Filter>
    </None>
  </ItemGroup>
</Project>