<?xml version="1.0" encoding="utf-8"?>
<Project ToolsVersion="4.0" xmlns="http://schemas.microsoft.com/developer/msbuild/2003">
  <ItemGroup>
    <ClCompile Include="Animation.cpp" />
    <ClCompile Include="AnimationEvent.cpp" />
    <ClCompile Include="BattleScene.cpp" />
    <ClCompile Include="Camera.cpp" />
    <ClCompile Include="CEntityState.cpp" />
    <ClCompile Include="ContinuousRotation.cpp" />
    <ClCompile Include="EnemyState.cpp" />
    <ClCompile Include="IndexBuffer.cpp" />
    <ClCompile Include="Collider.cpp" />
    <ClCompile Include="Component.cpp" />
    <ClCompile Include="InstancingBuffer.cpp" />
    <ClCompile Include="InstancingGroup.cpp" />
    <ClCompile Include="InstancingManager.cpp" />
    <ClCompile Include="ItemMovement.cpp" />
    <ClCompile Include="LoadingScreen.cpp" />
    <ClCompile Include="LoadScene.cpp" />
    <ClCompile Include="MiniGame.cpp" />
    <ClCompile Include="ObjectState.cpp" />
    <ClCompile Include="Player.cpp" />
    <ClCompile Include="PlayerState.cpp" />
    <ClCompile Include="Renderer.cpp" />
    <ClCompile Include="RenderPipeline.cpp" />
    <ClCompile Include="ServerManager.cpp" />
    <ClCompile Include="ShadowManager.cpp" />
    <ClCompile Include="SkinnedMesh.cpp" />
    <ClCompile Include="SkinnedMeshRenderer.cpp" />
    <ClCompile Include="ThirdPersonCamera.cpp" />
    <ClCompile Include="UIRenderer.cpp" />
    <ClCompile Include="VertexBuffer.cpp" />
    <ClCompile Include="DDSTextureLoader12.cpp" />
    <ClCompile Include="DescriptorHeaps.cpp" />
    <ClCompile Include="DX12Manager.cpp" />
    <ClCompile Include="FollowTarget.cpp" />
    <ClCompile Include="FrameResource.cpp" />
    <ClCompile Include="InputManager.cpp" />
    <ClCompile Include="Light.cpp" />
    <ClCompile Include="LobbyScene.cpp" />
    <ClCompile Include="Material.cpp" />
    <ClCompile Include="MenuScene.cpp" />
    <ClCompile Include="MeshRenderer.cpp" />
    <ClCompile Include="MonoBehaviour.cpp" />
    <ClCompile Include="ObjectPool.cpp" />
    <ClCompile Include="ObjectPoolManager.cpp" />
    <ClCompile Include="PlayerController.cpp" />
    <ClCompile Include="QuadTree.cpp" />
    <ClCompile Include="RenderTargetGroup.cpp" />
    <ClCompile Include="ResourceManager.cpp" />
    <ClCompile Include="RigidBody.cpp" />
    <ClCompile Include="Shader.cpp" />
    <ClCompile Include="SimpleMath.cpp" />
    <ClCompile Include="Terrain.cpp" />
    <ClCompile Include="Texture.cpp" />
    <ClCompile Include="Transform.cpp" />
    <ClCompile Include="UploadBuffer.cpp" />
    <ClCompile Include="WICTextureLoader12.cpp" />
    <ClCompile Include="GridMesh.cpp" />
    <ClCompile Include="SceneManager.cpp" />
    <ClCompile Include="GameApplication.cpp" />
    <ClCompile Include="GameObject.cpp" />
    <ClCompile Include="Mesh.cpp" />
    <ClCompile Include="Scene.cpp" />
    <ClCompile Include="stdafx.cpp" />
    <ClCompile Include="Client.cpp" />
    <ClCompile Include="Timer.cpp" />
    <ClCompile Include="CutScene.cpp" />
  </ItemGroup>
  <ItemGroup>
    <ClInclude Include="Animation.h" />
    <ClInclude Include="AnimationEnums.h" />
    <ClInclude Include="AnimationEvent.h" />
    <ClInclude Include="BattleScene.h" />
    <ClInclude Include="BinaryReader.h" />
    <ClInclude Include="Camera.h" />
    <ClInclude Include="CBData.h" />
    <ClInclude Include="CEntityState.h" />
    <ClInclude Include="ContinuousRotation.h" />
    <ClInclude Include="EnemyState.h" />
    <ClInclude Include="Enums.h" />
    <ClInclude Include="IndexBuffer.h" />
    <ClInclude Include="Collider.h" />
    <ClInclude Include="Component.h" />
    <ClInclude Include="CResource.h" />
    <ClInclude Include="InstancingBuffer.h" />
    <ClInclude Include="InstancingGroup.h" />
    <ClInclude Include="InstancingManager.h" />
    <ClInclude Include="ItemMovement.h" />
    <ClInclude Include="LoadingScreen.h" />
    <ClInclude Include="LoadScene.h" />
    <ClInclude Include="MiniGame.h" />
    <ClInclude Include="ObjectState.h" />
    <ClInclude Include="Player.h" />
    <ClInclude Include="PlayerState.h" />
    <ClInclude Include="Renderer.h" />
    <ClInclude Include="RenderPipeline.h" />
    <ClInclude Include="ServerManager.h" />
    <ClInclude Include="ShadowManager.h" />
    <ClInclude Include="SkinnedMesh.h" />
    <ClInclude Include="SkinnedMeshRenderer.h" />
    <ClInclude Include="ThirdPersonCamera.h" />
    <ClInclude Include="UIRenderer.h" />
    <ClInclude Include="VertexBuffer.h" />
    <ClInclude Include="DDSTextureLoader12.h" />
    <ClInclude Include="DescriptorHeaps.h" />
    <ClInclude Include="DX12Manager.h" />
    <ClInclude Include="FollowTarget.h" />
    <ClInclude Include="FrameResource.h" />
    <ClInclude Include="InputManager.h" />
    <ClInclude Include="LobbyScene.h" />
    <ClInclude Include="Material.h" />
    <ClInclude Include="MenuScene.h" />
    <ClInclude Include="MeshRenderer.h" />
    <ClInclude Include="MonoBehaviour.h" />
    <ClInclude Include="ObjectPool.h" />
    <ClInclude Include="ObjectPoolManager.h" />
    <ClInclude Include="PlayerController.h" />
    <ClInclude Include="QuadTree.h" />
    <ClInclude Include="RenderTargetGroup.h" />
    <ClInclude Include="ResourceManager.h" />
    <ClInclude Include="RigidBody.h" />
    <ClInclude Include="SimpleMath.h" />
    <ClInclude Include="Terrain.h" />
    <ClInclude Include="Texture.h" />
    <ClInclude Include="Transform.h" />
    <ClInclude Include="UploadBuffer.h" />
    <ClInclude Include="WICTextureLoader12.h" />
    <ClInclude Include="GridMesh.h" />
    <ClInclude Include="Light.h" />
    <ClInclude Include="SceneManager.h" />
    <ClInclude Include="GameApplication.h" />
    <ClInclude Include="GameObject.h" />
    <ClInclude Include="Mesh.h" />
    <ClInclude Include="Scene.h" />
    <ClInclude Include="Shader.h" />
    <ClInclude Include="stdafx.h" />
    <ClInclude Include="Timer.h" />
    <ClInclude Include="CutScene.h" />
  </ItemGroup>
  <ItemGroup>
    <None Include="cpp.hint" />
    <None Include="SimpleMath.inl" />
    <None Include="..\Resources\Shaders\Billboard.hlsl" />
    <None Include="..\Resources\Shaders\Cloud.hlsl" />
    <None Include="..\Resources\Shaders\Common.hlsl" />
    <None Include="..\Resources\Shaders\FinalPass.hlsl" />
    <None Include="..\Resources\Shaders\Lighting.hlsl" />
    <None Include="..\Resources\Shaders\Paramiters.hlsl" />
    <None Include="..\Resources\Shaders\SkyBox.hlsl" />
    <None Include="..\Resources\Shaders\Sprite.hlsl" />
    <None Include="..\Resources\Shaders\Terrain.hlsl" />
    <None Include="..\Resources\Shaders\Triplanar.hlsl" />
    <None Include="..\Resources\Shaders\Utility.hlsl" />
    <None Include="..\Resources\Shaders\Vegitation.hlsl" />
    <None Include="..\Resources\Shaders\Water.hlsl" />
    <None Include="..\Resources\Shaders\Lit.hlsl" />
  </ItemGroup>
</Project>